
Microsoft Visual Studio Solution File, Format Version 12.00
# Visual Studio 15
VisualStudioVersion = 15.0.28307.1500
MinimumVisualStudioVersion = 10.0.40219.1
Project("{FAE04EC0-301F-11D3-BF4B-00C04F79EFBC}") = "Uri_1149", "Uri_1149\Uri_1149.csproj", "{0BC00478-F991-42DC-8013-CF76A207668C}"
EndProject
Global
	GlobalSection(SolutionConfigurationPlatforms) = preSolution
		Debug|Any CPU = Debug|Any CPU
		Release|Any CPU = Release|Any CPU
	EndGlobalSection
	GlobalSection(ProjectConfigurationPlatforms) = postSolution
		{0BC00478-F991-42DC-8013-CF76A207668C}.Debug|Any CPU.ActiveCfg = Debug|Any CPU
		{0BC00478-F991-42DC-8013-CF76A207668C}.Debug|Any CPU.Build.0 = Debug|Any CPU
		{0BC00478-F991-42DC-8013-CF76A207668C}.Release|Any CPU.ActiveCfg = Release|Any CPU
		{0BC00478-F991-42DC-8013-CF76A207668C}.Release|Any CPU.Build.0 = Release|Any CPU
	EndGlobalSection
	GlobalSection(SolutionProperties) = preSolution
		HideSolutionNode = FALSE
	EndGlobalSection
	GlobalSection(ExtensibilityGlobals) = postSolution
		SolutionGuid = {EDC79C45-E0AF-48D8-9E20-18B06A8A8BB3}
	EndGlobalSection
EndGlobal
